<?xml version="1.0" encoding="utf-8"?>
<Project ToolsVersion="4.0" xmlns="http://schemas.microsoft.com/developer/msbuild/2003">
  <ItemGroup>
    <Filter Include="Headers">
      <UniqueIdentifier>{3d4909c3-80b2-4ae9-8948-f887fba384bb}</UniqueIdentifier>
    </Filter>
    <Filter Include="Source">
      <UniqueIdentifier>{ea9df042-3a9e-4385-ad0e-54d4da30aa47}</UniqueIdentifier>
    </Filter>
  </ItemGroup>
  <ItemGroup>
    <ClInclude Include="..\Source\TetraQuadGenerator4.hpp">
      <Filter>Headers</Filter>
    </ClInclude>
    <ClInclude Include="..\Source\TetraQuadFile.hpp">
      <Filter>Headers</Filter>
    </ClInclude>
    <ClInclude Include="..\Source\TetraMeshFile.hpp">
      <Filter>Headers</Filter>
    </ClInclude>
    <ClInclude Include="..\Source\TriQuadGenerator7.hpp">
      <Filter>Headers</Filter>
    </ClInclude>
    <ClInclude Include="..\Source\_LuVector.hpp">
      <Filter>Headers</Filter>
    </ClInclude>
    <ClInclude Include="..\Source\TetraFaceFile.hpp">
      <Filter>Headers</Filter>
    </ClInclude>
    <ClInclude Include="..\Source\TetraFace.hpp">
      <Filter>Headers</Filter>
    </ClInclude>
  </ItemGroup>
  <ItemGroup>
    <ClCompile Include="..\Source\MakeQuadrature.cpp">
      <Filter>Source</Filter>
    </ClCompile>
  </ItemGroup>
</Project>