<?xml version="1.0" encoding="utf-8"?>
<Project ToolsVersion="4.0" xmlns="http://schemas.microsoft.com/developer/msbuild/2003">
  <ItemGroup>
    <Filter Include="Headers">
      <UniqueIdentifier>{3d4909c3-80b2-4ae9-8948-f887fba384bb}</UniqueIdentifier>
    </Filter>
    <Filter Include="Source">
      <UniqueIdentifier>{ea9df042-3a9e-4385-ad0e-54d4da30aa47}</UniqueIdentifier>
    </Filter>
  </ItemGroup>
  <ItemGroup>
    <ClCompile Include="..\Source\AppletsNoExcept\MakeQuadratureNoExcept.cpp">
      <Filter>Source</Filter>
    </ClCompile>
  </ItemGroup>
</Project>