<?xml version="1.0" encoding="utf-8"?>
<Project ToolsVersion="4.0" xmlns="http://schemas.microsoft.com/developer/msbuild/2003">
  <ItemGroup>
    <Filter Include="Headers">
      <UniqueIdentifier>{e1f09815-2aaa-4bfd-8829-338482da6936}</UniqueIdentifier>
    </Filter>
    <Filter Include="Source">
      <UniqueIdentifier>{d8d939e0-acd4-4474-b5a0-cb9e9e71d83b}</UniqueIdentifier>
    </Filter>
  </ItemGroup>
</Project>