<?xml version="1.0" encoding="utf-8"?>
<Project ToolsVersion="4.0" xmlns="http://schemas.microsoft.com/developer/msbuild/2003">
  <ItemGroup>
    <Filter Include="Headers">
      <UniqueIdentifier>{0be41362-e876-4aa5-8479-fa0cc240c5fc}</UniqueIdentifier>
    </Filter>
    <Filter Include="Source">
      <UniqueIdentifier>{e012dd21-900a-40bc-841a-072af80b98ed}</UniqueIdentifier>
    </Filter>
  </ItemGroup>
  <ItemGroup>
    <ClInclude Include="..\Source\_EmRule.hpp">
      <Filter>Headers</Filter>
    </ClInclude>
    <ClInclude Include="..\Source\EmPropFile.hpp">
      <Filter>Headers</Filter>
    </ClInclude>
    <ClInclude Include="..\Source\TetraMeshFile.hpp">
      <Filter>Headers</Filter>
    </ClInclude>
  </ItemGroup>
  <ItemGroup>
    <ClCompile Include="..\Source\Electrify.cpp">
      <Filter>Source</Filter>
    </ClCompile>
  </ItemGroup>
</Project>