
Microsoft Visual Studio Solution File, Format Version 12.00
# Visual Studio 15
VisualStudioVersion = 15.0.27130.2024
MinimumVisualStudioVersion = 10.0.40219.1
Project("{8BC9CEB8-8B4A-11D0-8D11-00A0C91BC942}") = "MakeMesh", "MakeMesh\MakeMesh.vcxproj", "{8D39E580-48C5-40DF-AA87-75F1FEF95350}"
EndProject
Project("{8BC9CEB8-8B4A-11D0-8D11-00A0C91BC942}") = "MakeFace", "MakeFace\MakeFace.vcxproj", "{62E382B8-FCC3-40DF-8499-0E313BB7FC4E}"
EndProject
Project("{8BC9CEB8-8B4A-11D0-8D11-00A0C91BC942}") = "Electrify", "Electrify\Electrify.vcxproj", "{0CC46981-DB2D-4B66-9B6E-50334762BB1F}"
EndProject
Project("{8BC9CEB8-8B4A-11D0-8D11-00A0C91BC942}") = "MakeMoM", "MakeMoM\MakeMoM.vcxproj", "{55F0DBCC-1388-4E8D-834C-739CBD33A057}"
EndProject
Project("{8BC9CEB8-8B4A-11D0-8D11-00A0C91BC942}") = "New EFVIE-MOM Project", "New EFVIE-MOM Project\New EFVIE-MOM Project.vcxproj", "{2F9415AC-F3CA-4DD0-97F9-83872EB03713}"
EndProject
Project("{8BC9CEB8-8B4A-11D0-8D11-00A0C91BC942}") = "AllFiles", "AllFiles\AllFiles.vcxproj", "{C62D9132-CDAA-49D4-A51B-58C7B5595584}"
EndProject
Project("{8BC9CEB8-8B4A-11D0-8D11-00A0C91BC942}") = "MakeQuad", "MakeQuad\MakeQuad.vcxproj", "{ED3C553E-389B-49A4-8266-700CC1EBF480}"
EndProject
Project("{8BC9CEB8-8B4A-11D0-8D11-00A0C91BC942}") = "ArrayFireTest", "ArrayFireTest\ArrayFireTest.vcxproj", "{07858258-FB58-413C-8FC6-38B2E2C6BADA}"
EndProject
Project("{8BC9CEB8-8B4A-11D0-8D11-00A0C91BC942}") = "MakeRHS", "MakeRHS\MakeRHS.vcxproj", "{1306E663-B329-4221-B3A1-6CB18D669A79}"
EndProject
Global
	GlobalSection(SolutionConfigurationPlatforms) = preSolution
		CPU_Debug|x64 = CPU_Debug|x64
		CPU_Release|x64 = CPU_Release|x64
		CUDA_Debug|x64 = CUDA_Debug|x64
		CUDA_Release|x64 = CUDA_Release|x64
		OpenCL_Debug|x64 = OpenCL_Debug|x64
		OpenCL_Release|x64 = OpenCL_Release|x64
		Unified_Debug|x64 = Unified_Debug|x64
		Unified_Release|x64 = Unified_Release|x64
	EndGlobalSection
	GlobalSection(ProjectConfigurationPlatforms) = postSolution
		{8D39E580-48C5-40DF-AA87-75F1FEF95350}.CPU_Debug|x64.ActiveCfg = CPU_Debug|x64
		{8D39E580-48C5-40DF-AA87-75F1FEF95350}.CPU_Debug|x64.Build.0 = CPU_Debug|x64
		{8D39E580-48C5-40DF-AA87-75F1FEF95350}.CPU_Release|x64.ActiveCfg = CPU_Release|x64
		{8D39E580-48C5-40DF-AA87-75F1FEF95350}.CPU_Release|x64.Build.0 = CPU_Release|x64
		{8D39E580-48C5-40DF-AA87-75F1FEF95350}.CUDA_Debug|x64.ActiveCfg = CUDA_Debug|x64
		{8D39E580-48C5-40DF-AA87-75F1FEF95350}.CUDA_Debug|x64.Build.0 = CUDA_Debug|x64
		{8D39E580-48C5-40DF-AA87-75F1FEF95350}.CUDA_Release|x64.ActiveCfg = CUDA_Release|x64
		{8D39E580-48C5-40DF-AA87-75F1FEF95350}.CUDA_Release|x64.Build.0 = CUDA_Release|x64
		{8D39E580-48C5-40DF-AA87-75F1FEF95350}.OpenCL_Debug|x64.ActiveCfg = OpenCL_Debug|x64
		{8D39E580-48C5-40DF-AA87-75F1FEF95350}.OpenCL_Debug|x64.Build.0 = OpenCL_Debug|x64
		{8D39E580-48C5-40DF-AA87-75F1FEF95350}.OpenCL_Release|x64.ActiveCfg = OpenCL_Release|x64
		{8D39E580-48C5-40DF-AA87-75F1FEF95350}.OpenCL_Release|x64.Build.0 = OpenCL_Release|x64
		{8D39E580-48C5-40DF-AA87-75F1FEF95350}.Unified_Debug|x64.ActiveCfg = Unified_Debug|x64
		{8D39E580-48C5-40DF-AA87-75F1FEF95350}.Unified_Debug|x64.Build.0 = Unified_Debug|x64
		{8D39E580-48C5-40DF-AA87-75F1FEF95350}.Unified_Release|x64.ActiveCfg = Unified_Release|x64
		{8D39E580-48C5-40DF-AA87-75F1FEF95350}.Unified_Release|x64.Build.0 = Unified_Release|x64
		{62E382B8-FCC3-40DF-8499-0E313BB7FC4E}.CPU_Debug|x64.ActiveCfg = CPU_Debug|x64
		{62E382B8-FCC3-40DF-8499-0E313BB7FC4E}.CPU_Debug|x64.Build.0 = CPU_Debug|x64
		{62E382B8-FCC3-40DF-8499-0E313BB7FC4E}.CPU_Release|x64.ActiveCfg = CPU_Release|x64
		{62E382B8-FCC3-40DF-8499-0E313BB7FC4E}.CPU_Release|x64.Build.0 = CPU_Release|x64
		{62E382B8-FCC3-40DF-8499-0E313BB7FC4E}.CUDA_Debug|x64.ActiveCfg = CUDA_Debug|x64
		{62E382B8-FCC3-40DF-8499-0E313BB7FC4E}.CUDA_Debug|x64.Build.0 = CUDA_Debug|x64
		{62E382B8-FCC3-40DF-8499-0E313BB7FC4E}.CUDA_Release|x64.ActiveCfg = CUDA_Release|x64
		{62E382B8-FCC3-40DF-8499-0E313BB7FC4E}.CUDA_Release|x64.Build.0 = CUDA_Release|x64
		{62E382B8-FCC3-40DF-8499-0E313BB7FC4E}.OpenCL_Debug|x64.ActiveCfg = OpenCL_Debug|x64
		{62E382B8-FCC3-40DF-8499-0E313BB7FC4E}.OpenCL_Debug|x64.Build.0 = OpenCL_Debug|x64
		{62E382B8-FCC3-40DF-8499-0E313BB7FC4E}.OpenCL_Release|x64.ActiveCfg = OpenCL_Release|x64
		{62E382B8-FCC3-40DF-8499-0E313BB7FC4E}.OpenCL_Release|x64.Build.0 = OpenCL_Release|x64
		{62E382B8-FCC3-40DF-8499-0E313BB7FC4E}.Unified_Debug|x64.ActiveCfg = Unified_Debug|x64
		{62E382B8-FCC3-40DF-8499-0E313BB7FC4E}.Unified_Debug|x64.Build.0 = Unified_Debug|x64
		{62E382B8-FCC3-40DF-8499-0E313BB7FC4E}.Unified_Release|x64.ActiveCfg = Unified_Release|x64
		{62E382B8-FCC3-40DF-8499-0E313BB7FC4E}.Unified_Release|x64.Build.0 = Unified_Release|x64
		{0CC46981-DB2D-4B66-9B6E-50334762BB1F}.CPU_Debug|x64.ActiveCfg = CPU_Debug|x64
		{0CC46981-DB2D-4B66-9B6E-50334762BB1F}.CPU_Debug|x64.Build.0 = CPU_Debug|x64
		{0CC46981-DB2D-4B66-9B6E-50334762BB1F}.CPU_Release|x64.ActiveCfg = CPU_Release|x64
		{0CC46981-DB2D-4B66-9B6E-50334762BB1F}.CPU_Release|x64.Build.0 = CPU_Release|x64
		{0CC46981-DB2D-4B66-9B6E-50334762BB1F}.CUDA_Debug|x64.ActiveCfg = CUDA_Debug|x64
		{0CC46981-DB2D-4B66-9B6E-50334762BB1F}.CUDA_Debug|x64.Build.0 = CUDA_Debug|x64
		{0CC46981-DB2D-4B66-9B6E-50334762BB1F}.CUDA_Release|x64.ActiveCfg = CUDA_Release|x64
		{0CC46981-DB2D-4B66-9B6E-50334762BB1F}.CUDA_Release|x64.Build.0 = CUDA_Release|x64
		{0CC46981-DB2D-4B66-9B6E-50334762BB1F}.OpenCL_Debug|x64.ActiveCfg = OpenCL_Debug|x64
		{0CC46981-DB2D-4B66-9B6E-50334762BB1F}.OpenCL_Debug|x64.Build.0 = OpenCL_Debug|x64
		{0CC46981-DB2D-4B66-9B6E-50334762BB1F}.OpenCL_Release|x64.ActiveCfg = OpenCL_Release|x64
		{0CC46981-DB2D-4B66-9B6E-50334762BB1F}.OpenCL_Release|x64.Build.0 = OpenCL_Release|x64
		{0CC46981-DB2D-4B66-9B6E-50334762BB1F}.Unified_Debug|x64.ActiveCfg = Unified_Debug|x64
		{0CC46981-DB2D-4B66-9B6E-50334762BB1F}.Unified_Debug|x64.Build.0 = Unified_Debug|x64
		{0CC46981-DB2D-4B66-9B6E-50334762BB1F}.Unified_Release|x64.ActiveCfg = Unified_Release|x64
		{0CC46981-DB2D-4B66-9B6E-50334762BB1F}.Unified_Release|x64.Build.0 = Unified_Release|x64
		{55F0DBCC-1388-4E8D-834C-739CBD33A057}.CPU_Debug|x64.ActiveCfg = CPU_Debug|x64
		{55F0DBCC-1388-4E8D-834C-739CBD33A057}.CPU_Debug|x64.Build.0 = CPU_Debug|x64
		{55F0DBCC-1388-4E8D-834C-739CBD33A057}.CPU_Release|x64.ActiveCfg = CPU_Release|x64
		{55F0DBCC-1388-4E8D-834C-739CBD33A057}.CPU_Release|x64.Build.0 = CPU_Release|x64
		{55F0DBCC-1388-4E8D-834C-739CBD33A057}.CUDA_Debug|x64.ActiveCfg = CUDA_Debug|x64
		{55F0DBCC-1388-4E8D-834C-739CBD33A057}.CUDA_Debug|x64.Build.0 = CUDA_Debug|x64
		{55F0DBCC-1388-4E8D-834C-739CBD33A057}.CUDA_Release|x64.ActiveCfg = CUDA_Release|x64
		{55F0DBCC-1388-4E8D-834C-739CBD33A057}.CUDA_Release|x64.Build.0 = CUDA_Release|x64
		{55F0DBCC-1388-4E8D-834C-739CBD33A057}.OpenCL_Debug|x64.ActiveCfg = OpenCL_Debug|x64
		{55F0DBCC-1388-4E8D-834C-739CBD33A057}.OpenCL_Debug|x64.Build.0 = OpenCL_Debug|x64
		{55F0DBCC-1388-4E8D-834C-739CBD33A057}.OpenCL_Release|x64.ActiveCfg = OpenCL_Release|x64
		{55F0DBCC-1388-4E8D-834C-739CBD33A057}.OpenCL_Release|x64.Build.0 = OpenCL_Release|x64
		{55F0DBCC-1388-4E8D-834C-739CBD33A057}.Unified_Debug|x64.ActiveCfg = Unified_Debug|x64
		{55F0DBCC-1388-4E8D-834C-739CBD33A057}.Unified_Debug|x64.Build.0 = Unified_Debug|x64
		{55F0DBCC-1388-4E8D-834C-739CBD33A057}.Unified_Release|x64.ActiveCfg = Unified_Release|x64
		{55F0DBCC-1388-4E8D-834C-739CBD33A057}.Unified_Release|x64.Build.0 = Unified_Release|x64
		{2F9415AC-F3CA-4DD0-97F9-83872EB03713}.CPU_Debug|x64.ActiveCfg = CPU_Debug|x64
		{2F9415AC-F3CA-4DD0-97F9-83872EB03713}.CPU_Debug|x64.Build.0 = CPU_Debug|x64
		{2F9415AC-F3CA-4DD0-97F9-83872EB03713}.CPU_Release|x64.ActiveCfg = CPU_Release|x64
		{2F9415AC-F3CA-4DD0-97F9-83872EB03713}.CPU_Release|x64.Build.0 = CPU_Release|x64
		{2F9415AC-F3CA-4DD0-97F9-83872EB03713}.CUDA_Debug|x64.ActiveCfg = CUDA_Debug|x64
		{2F9415AC-F3CA-4DD0-97F9-83872EB03713}.CUDA_Debug|x64.Build.0 = CUDA_Debug|x64
		{2F9415AC-F3CA-4DD0-97F9-83872EB03713}.CUDA_Release|x64.ActiveCfg = CUDA_Release|x64
		{2F9415AC-F3CA-4DD0-97F9-83872EB03713}.CUDA_Release|x64.Build.0 = CUDA_Release|x64
		{2F9415AC-F3CA-4DD0-97F9-83872EB03713}.OpenCL_Debug|x64.ActiveCfg = OpenCL_Debug|x64
		{2F9415AC-F3CA-4DD0-97F9-83872EB03713}.OpenCL_Debug|x64.Build.0 = OpenCL_Debug|x64
		{2F9415AC-F3CA-4DD0-97F9-83872EB03713}.OpenCL_Release|x64.ActiveCfg = OpenCL_Release|x64
		{2F9415AC-F3CA-4DD0-97F9-83872EB03713}.OpenCL_Release|x64.Build.0 = OpenCL_Release|x64
		{2F9415AC-F3CA-4DD0-97F9-83872EB03713}.Unified_Debug|x64.ActiveCfg = Unified_Debug|x64
		{2F9415AC-F3CA-4DD0-97F9-83872EB03713}.Unified_Debug|x64.Build.0 = Unified_Debug|x64
		{2F9415AC-F3CA-4DD0-97F9-83872EB03713}.Unified_Release|x64.ActiveCfg = Unified_Release|x64
		{2F9415AC-F3CA-4DD0-97F9-83872EB03713}.Unified_Release|x64.Build.0 = Unified_Release|x64
		{C62D9132-CDAA-49D4-A51B-58C7B5595584}.CPU_Debug|x64.ActiveCfg = CPU_Debug|x64
		{C62D9132-CDAA-49D4-A51B-58C7B5595584}.CPU_Debug|x64.Build.0 = CPU_Debug|x64
		{C62D9132-CDAA-49D4-A51B-58C7B5595584}.CPU_Release|x64.ActiveCfg = CPU_Release|x64
		{C62D9132-CDAA-49D4-A51B-58C7B5595584}.CPU_Release|x64.Build.0 = CPU_Release|x64
		{C62D9132-CDAA-49D4-A51B-58C7B5595584}.CUDA_Debug|x64.ActiveCfg = CUDA_Debug|x64
		{C62D9132-CDAA-49D4-A51B-58C7B5595584}.CUDA_Debug|x64.Build.0 = CUDA_Debug|x64
		{C62D9132-CDAA-49D4-A51B-58C7B5595584}.CUDA_Release|x64.ActiveCfg = CUDA_Release|x64
		{C62D9132-CDAA-49D4-A51B-58C7B5595584}.CUDA_Release|x64.Build.0 = CUDA_Release|x64
		{C62D9132-CDAA-49D4-A51B-58C7B5595584}.OpenCL_Debug|x64.ActiveCfg = OpenCL_Debug|x64
		{C62D9132-CDAA-49D4-A51B-58C7B5595584}.OpenCL_Debug|x64.Build.0 = OpenCL_Debug|x64
		{C62D9132-CDAA-49D4-A51B-58C7B5595584}.OpenCL_Release|x64.ActiveCfg = OpenCL_Release|x64
		{C62D9132-CDAA-49D4-A51B-58C7B5595584}.OpenCL_Release|x64.Build.0 = OpenCL_Release|x64
		{C62D9132-CDAA-49D4-A51B-58C7B5595584}.Unified_Debug|x64.ActiveCfg = Unified_Debug|x64
		{C62D9132-CDAA-49D4-A51B-58C7B5595584}.Unified_Debug|x64.Build.0 = Unified_Debug|x64
		{C62D9132-CDAA-49D4-A51B-58C7B5595584}.Unified_Release|x64.ActiveCfg = Unified_Release|x64
		{C62D9132-CDAA-49D4-A51B-58C7B5595584}.Unified_Release|x64.Build.0 = Unified_Release|x64
		{ED3C553E-389B-49A4-8266-700CC1EBF480}.CPU_Debug|x64.ActiveCfg = CPU_Debug|x64
		{ED3C553E-389B-49A4-8266-700CC1EBF480}.CPU_Debug|x64.Build.0 = CPU_Debug|x64
		{ED3C553E-389B-49A4-8266-700CC1EBF480}.CPU_Release|x64.ActiveCfg = CPU_Release|x64
		{ED3C553E-389B-49A4-8266-700CC1EBF480}.CPU_Release|x64.Build.0 = CPU_Release|x64
		{ED3C553E-389B-49A4-8266-700CC1EBF480}.CUDA_Debug|x64.ActiveCfg = CUDA_Debug|x64
		{ED3C553E-389B-49A4-8266-700CC1EBF480}.CUDA_Debug|x64.Build.0 = CUDA_Debug|x64
		{ED3C553E-389B-49A4-8266-700CC1EBF480}.CUDA_Release|x64.ActiveCfg = CUDA_Release|x64
		{ED3C553E-389B-49A4-8266-700CC1EBF480}.CUDA_Release|x64.Build.0 = CUDA_Release|x64
		{ED3C553E-389B-49A4-8266-700CC1EBF480}.OpenCL_Debug|x64.ActiveCfg = OpenCL_Debug|x64
		{ED3C553E-389B-49A4-8266-700CC1EBF480}.OpenCL_Debug|x64.Build.0 = OpenCL_Debug|x64
		{ED3C553E-389B-49A4-8266-700CC1EBF480}.OpenCL_Release|x64.ActiveCfg = OpenCL_Release|x64
		{ED3C553E-389B-49A4-8266-700CC1EBF480}.OpenCL_Release|x64.Build.0 = OpenCL_Release|x64
		{ED3C553E-389B-49A4-8266-700CC1EBF480}.Unified_Debug|x64.ActiveCfg = Unified_Debug|x64
		{ED3C553E-389B-49A4-8266-700CC1EBF480}.Unified_Debug|x64.Build.0 = Unified_Debug|x64
		{ED3C553E-389B-49A4-8266-700CC1EBF480}.Unified_Release|x64.ActiveCfg = Unified_Release|x64
		{ED3C553E-389B-49A4-8266-700CC1EBF480}.Unified_Release|x64.Build.0 = Unified_Release|x64
		{07858258-FB58-413C-8FC6-38B2E2C6BADA}.CPU_Debug|x64.ActiveCfg = CPU_Debug|x64
		{07858258-FB58-413C-8FC6-38B2E2C6BADA}.CPU_Debug|x64.Build.0 = CPU_Debug|x64
		{07858258-FB58-413C-8FC6-38B2E2C6BADA}.CPU_Release|x64.ActiveCfg = CPU_Release|x64
		{07858258-FB58-413C-8FC6-38B2E2C6BADA}.CPU_Release|x64.Build.0 = CPU_Release|x64
		{07858258-FB58-413C-8FC6-38B2E2C6BADA}.CUDA_Debug|x64.ActiveCfg = CUDA_Debug|x64
		{07858258-FB58-413C-8FC6-38B2E2C6BADA}.CUDA_Debug|x64.Build.0 = CUDA_Debug|x64
		{07858258-FB58-413C-8FC6-38B2E2C6BADA}.CUDA_Release|x64.ActiveCfg = CUDA_Release|x64
		{07858258-FB58-413C-8FC6-38B2E2C6BADA}.CUDA_Release|x64.Build.0 = CUDA_Release|x64
		{07858258-FB58-413C-8FC6-38B2E2C6BADA}.OpenCL_Debug|x64.ActiveCfg = OpenCL_Debug|x64
		{07858258-FB58-413C-8FC6-38B2E2C6BADA}.OpenCL_Debug|x64.Build.0 = OpenCL_Debug|x64
		{07858258-FB58-413C-8FC6-38B2E2C6BADA}.OpenCL_Release|x64.ActiveCfg = OpenCL_Release|x64
		{07858258-FB58-413C-8FC6-38B2E2C6BADA}.OpenCL_Release|x64.Build.0 = OpenCL_Release|x64
		{07858258-FB58-413C-8FC6-38B2E2C6BADA}.Unified_Debug|x64.ActiveCfg = Unified_Debug|x64
		{07858258-FB58-413C-8FC6-38B2E2C6BADA}.Unified_Debug|x64.Build.0 = Unified_Debug|x64
		{07858258-FB58-413C-8FC6-38B2E2C6BADA}.Unified_Release|x64.ActiveCfg = Unified_Release|x64
		{07858258-FB58-413C-8FC6-38B2E2C6BADA}.Unified_Release|x64.Build.0 = Unified_Release|x64
		{1306E663-B329-4221-B3A1-6CB18D669A79}.CPU_Debug|x64.ActiveCfg = CPU_Debug|x64
		{1306E663-B329-4221-B3A1-6CB18D669A79}.CPU_Debug|x64.Build.0 = CPU_Debug|x64
		{1306E663-B329-4221-B3A1-6CB18D669A79}.CPU_Release|x64.ActiveCfg = CPU_Release|x64
		{1306E663-B329-4221-B3A1-6CB18D669A79}.CPU_Release|x64.Build.0 = CPU_Release|x64
		{1306E663-B329-4221-B3A1-6CB18D669A79}.CUDA_Debug|x64.ActiveCfg = CUDA_Debug|x64
		{1306E663-B329-4221-B3A1-6CB18D669A79}.CUDA_Debug|x64.Build.0 = CUDA_Debug|x64
		{1306E663-B329-4221-B3A1-6CB18D669A79}.CUDA_Release|x64.ActiveCfg = CUDA_Release|x64
		{1306E663-B329-4221-B3A1-6CB18D669A79}.CUDA_Release|x64.Build.0 = CUDA_Release|x64
		{1306E663-B329-4221-B3A1-6CB18D669A79}.OpenCL_Debug|x64.ActiveCfg = OpenCL_Debug|x64
		{1306E663-B329-4221-B3A1-6CB18D669A79}.OpenCL_Debug|x64.Build.0 = OpenCL_Debug|x64
		{1306E663-B329-4221-B3A1-6CB18D669A79}.OpenCL_Release|x64.ActiveCfg = OpenCL_Release|x64
		{1306E663-B329-4221-B3A1-6CB18D669A79}.OpenCL_Release|x64.Build.0 = OpenCL_Release|x64
		{1306E663-B329-4221-B3A1-6CB18D669A79}.Unified_Debug|x64.ActiveCfg = Unified_Debug|x64
		{1306E663-B329-4221-B3A1-6CB18D669A79}.Unified_Debug|x64.Build.0 = Unified_Debug|x64
		{1306E663-B329-4221-B3A1-6CB18D669A79}.Unified_Release|x64.ActiveCfg = Unified_Release|x64
		{1306E663-B329-4221-B3A1-6CB18D669A79}.Unified_Release|x64.Build.0 = Unified_Release|x64
	EndGlobalSection
	GlobalSection(SolutionProperties) = preSolution
		HideSolutionNode = FALSE
	EndGlobalSection
	GlobalSection(ExtensibilityGlobals) = postSolution
		SolutionGuid = {79824D2A-EF42-4003-BFD0-3E8468619191}
	EndGlobalSection
EndGlobal
