<?xml version="1.0" encoding="utf-8"?>
<Project ToolsVersion="15.0" xmlns="http://schemas.microsoft.com/developer/msbuild/2003">
  <ItemGroup>
    <ClInclude Include="..\Source\StringFuncs.hpp">
      <Filter>Headers</Filter>
    </ClInclude>
    <ClInclude Include="..\Source\TetraFaceFile.hpp">
      <Filter>Headers</Filter>
    </ClInclude>
    <ClInclude Include="..\Source\TetraMeshFile.hpp">
      <Filter>Headers</Filter>
    </ClInclude>
    <ClInclude Include="..\Source\TetraFace.hpp">
      <Filter>Headers</Filter>
    </ClInclude>
  </ItemGroup>
  <ItemGroup>
    <Filter Include="Headers">
      <UniqueIdentifier>{2125f1c1-c8ae-47e8-905b-695b96ba5b04}</UniqueIdentifier>
    </Filter>
    <Filter Include="Source">
      <UniqueIdentifier>{55fff5c3-f354-4933-847c-ac54a760e7ce}</UniqueIdentifier>
    </Filter>
  </ItemGroup>
  <ItemGroup>
    <ClCompile Include="..\Source\MakeFace.cpp">
      <Filter>Source</Filter>
    </ClCompile>
  </ItemGroup>
</Project>